
Microsoft Visual Studio Solution File, Format Version 12.00
# Visual Studio Version 16
VisualStudioVersion = 16.0.31829.152
MinimumVisualStudioVersion = 10.0.40219.1
Project("{9A19103F-16F7-4668-BE54-9A1E7A4F7556}") = "OsiHoustonInterview.Server", "OsiHoustonInterview\Server\OsiHoustonInterview.Server.csproj", "{238B711B-4CD0-4352-9651-06CD2A562CDF}"
EndProject
Project("{9A19103F-16F7-4668-BE54-9A1E7A4F7556}") = "OsiHoustonInterview.Client", "OsiHoustonInterview\Client\OsiHoustonInterview.Client.csproj", "{1891A925-EDA0-4984-844A-FF861111CD2A}"
EndProject
Project("{9A19103F-16F7-4668-BE54-9A1E7A4F7556}") = "OsiHoustonInterview.Shared", "OsiHoustonInterview\Shared\OsiHoustonInterview.Shared.csproj", "{6C47C34B-CD8F-4A81-B324-3EF24E1A8B02}"
EndProject
Global
	GlobalSection(SolutionConfigurationPlatforms) = preSolution
		Debug|Any CPU = Debug|Any CPU
		Release|Any CPU = Release|Any CPU
	EndGlobalSection
	GlobalSection(ProjectConfigurationPlatforms) = postSolution
		{238B711B-4CD0-4352-9651-06CD2A562CDF}.Debug|Any CPU.ActiveCfg = Debug|Any CPU
		{238B711B-4CD0-4352-9651-06CD2A562CDF}.Debug|Any CPU.Build.0 = Debug|Any CPU
		{238B711B-4CD0-4352-9651-06CD2A562CDF}.Release|Any CPU.ActiveCfg = Release|Any CPU
		{238B711B-4CD0-4352-9651-06CD2A562CDF}.Release|Any CPU.Build.0 = Release|Any CPU
		{1891A925-EDA0-4984-844A-FF861111CD2A}.Debug|Any CPU.ActiveCfg = Debug|Any CPU
		{1891A925-EDA0-4984-844A-FF861111CD2A}.Debug|Any CPU.Build.0 = Debug|Any CPU
		{1891A925-EDA0-4984-844A-FF861111CD2A}.Release|Any CPU.ActiveCfg = Release|Any CPU
		{1891A925-EDA0-4984-844A-FF861111CD2A}.Release|Any CPU.Build.0 = Release|Any CPU
		{6C47C34B-CD8F-4A81-B324-3EF24E1A8B02}.Debug|Any CPU.ActiveCfg = Debug|Any CPU
		{6C47C34B-CD8F-4A81-B324-3EF24E1A8B02}.Debug|Any CPU.Build.0 = Debug|Any CPU
		{6C47C34B-CD8F-4A81-B324-3EF24E1A8B02}.Release|Any CPU.ActiveCfg = Release|Any CPU
		{6C47C34B-CD8F-4A81-B324-3EF24E1A8B02}.Release|Any CPU.Build.0 = Release|Any CPU
	EndGlobalSection
	GlobalSection(SolutionProperties) = preSolution
		HideSolutionNode = FALSE
	EndGlobalSection
	GlobalSection(ExtensibilityGlobals) = postSolution
		SolutionGuid = {A5A4ED8F-9647-4334-A1DF-B09FD31DB88D}
	EndGlobalSection
EndGlobal
